
Microsoft Visual Studio Solution File, Format Version 12.00
# Visual Studio Version 16
VisualStudioVersion = 16.0.30717.126
MinimumVisualStudioVersion = 10.0.40219.1
Project("{FAE04EC0-301F-11D3-BF4B-00C04F79EFBC}") = "App1.Android", "App1.Android\App1.Android.csproj", "{15D3D801-AF47-4315-B178-D595064527E9}"
EndProject
Project("{9A19103F-16F7-4668-BE54-9A1E7A4F7556}") = "App1", "App1\App1.csproj", "{94B6CFA4-0A19-4572-A1A1-A87DA69B5F85}"
EndProject
Global
	GlobalSection(SolutionConfigurationPlatforms) = preSolution
		Debug|Any CPU = Debug|Any CPU
		Debug|ARM = Debug|ARM
		Debug|x64 = Debug|x64
		Debug|x86 = Debug|x86
		Release|Any CPU = Release|Any CPU
		Release|ARM = Release|ARM
		Release|x64 = Release|x64
		Release|x86 = Release|x86
	EndGlobalSection
	GlobalSection(ProjectConfigurationPlatforms) = postSolution
		{15D3D801-AF47-4315-B178-D595064527E9}.Debug|Any CPU.ActiveCfg = Debug|Any CPU
		{15D3D801-AF47-4315-B178-D595064527E9}.Debug|Any CPU.Build.0 = Debug|Any CPU
		{15D3D801-AF47-4315-B178-D595064527E9}.Debug|Any CPU.Deploy.0 = Debug|Any CPU
		{15D3D801-AF47-4315-B178-D595064527E9}.Debug|ARM.ActiveCfg = Debug|Any CPU
		{15D3D801-AF47-4315-B178-D595064527E9}.Debug|ARM.Build.0 = Debug|Any CPU
		{15D3D801-AF47-4315-B178-D595064527E9}.Debug|ARM.Deploy.0 = Debug|Any CPU
		{15D3D801-AF47-4315-B178-D595064527E9}.Debug|x64.ActiveCfg = Debug|Any CPU
		{15D3D801-AF47-4315-B178-D595064527E9}.Debug|x64.Build.0 = Debug|Any CPU
		{15D3D801-AF47-4315-B178-D595064527E9}.Debug|x64.Deploy.0 = Debug|Any CPU
		{15D3D801-AF47-4315-B178-D595064527E9}.Debug|x86.ActiveCfg = Debug|Any CPU
		{15D3D801-AF47-4315-B178-D595064527E9}.Debug|x86.Build.0 = Debug|Any CPU
		{15D3D801-AF47-4315-B178-D595064527E9}.Debug|x86.Deploy.0 = Debug|Any CPU
		{15D3D801-AF47-4315-B178-D595064527E9}.Release|Any CPU.ActiveCfg = Release|Any CPU
		{15D3D801-AF47-4315-B178-D595064527E9}.Release|Any CPU.Build.0 = Release|Any CPU
		{15D3D801-AF47-4315-B178-D595064527E9}.Release|Any CPU.Deploy.0 = Release|Any CPU
		{15D3D801-AF47-4315-B178-D595064527E9}.Release|ARM.ActiveCfg = Release|Any CPU
		{15D3D801-AF47-4315-B178-D595064527E9}.Release|ARM.Build.0 = Release|Any CPU
		{15D3D801-AF47-4315-B178-D595064527E9}.Release|ARM.Deploy.0 = Release|Any CPU
		{15D3D801-AF47-4315-B178-D595064527E9}.Release|x64.ActiveCfg = Release|Any CPU
		{15D3D801-AF47-4315-B178-D595064527E9}.Release|x64.Build.0 = Release|Any CPU
		{15D3D801-AF47-4315-B178-D595064527E9}.Release|x64.Deploy.0 = Release|Any CPU
		{15D3D801-AF47-4315-B178-D595064527E9}.Release|x86.ActiveCfg = Release|Any CPU
		{15D3D801-AF47-4315-B178-D595064527E9}.Release|x86.Build.0 = Release|Any CPU
		{15D3D801-AF47-4315-B178-D595064527E9}.Release|x86.Deploy.0 = Release|Any CPU
		{94B6CFA4-0A19-4572-A1A1-A87DA69B5F85}.Debug|Any CPU.ActiveCfg = Debug|Any CPU
		{94B6CFA4-0A19-4572-A1A1-A87DA69B5F85}.Debug|Any CPU.Build.0 = Debug|Any CPU
		{94B6CFA4-0A19-4572-A1A1-A87DA69B5F85}.Debug|Any CPU.Deploy.0 = Debug|Any CPU
		{94B6CFA4-0A19-4572-A1A1-A87DA69B5F85}.Debug|ARM.ActiveCfg = Debug|Any CPU
		{94B6CFA4-0A19-4572-A1A1-A87DA69B5F85}.Debug|ARM.Build.0 = Debug|Any CPU
		{94B6CFA4-0A19-4572-A1A1-A87DA69B5F85}.Debug|ARM.Deploy.0 = Debug|Any CPU
		{94B6CFA4-0A19-4572-A1A1-A87DA69B5F85}.Debug|x64.ActiveCfg = Debug|Any CPU
		{94B6CFA4-0A19-4572-A1A1-A87DA69B5F85}.Debug|x64.Build.0 = Debug|Any CPU
		{94B6CFA4-0A19-4572-A1A1-A87DA69B5F85}.Debug|x64.Deploy.0 = Debug|Any CPU
		{94B6CFA4-0A19-4572-A1A1-A87DA69B5F85}.Debug|x86.ActiveCfg = Debug|Any CPU
		{94B6CFA4-0A19-4572-A1A1-A87DA69B5F85}.Debug|x86.Build.0 = Debug|Any CPU
		{94B6CFA4-0A19-4572-A1A1-A87DA69B5F85}.Debug|x86.Deploy.0 = Debug|Any CPU
		{94B6CFA4-0A19-4572-A1A1-A87DA69B5F85}.Release|Any CPU.ActiveCfg = Release|Any CPU
		{94B6CFA4-0A19-4572-A1A1-A87DA69B5F85}.Release|Any CPU.Build.0 = Release|Any CPU
		{94B6CFA4-0A19-4572-A1A1-A87DA69B5F85}.Release|Any CPU.Deploy.0 = Release|Any CPU
		{94B6CFA4-0A19-4572-A1A1-A87DA69B5F85}.Release|ARM.ActiveCfg = Release|Any CPU
		{94B6CFA4-0A19-4572-A1A1-A87DA69B5F85}.Release|ARM.Build.0 = Release|Any CPU
		{94B6CFA4-0A19-4572-A1A1-A87DA69B5F85}.Release|ARM.Deploy.0 = Release|Any CPU
		{94B6CFA4-0A19-4572-A1A1-A87DA69B5F85}.Release|x64.ActiveCfg = Release|Any CPU
		{94B6CFA4-0A19-4572-A1A1-A87DA69B5F85}.Release|x64.Build.0 = Release|Any CPU
		{94B6CFA4-0A19-4572-A1A1-A87DA69B5F85}.Release|x64.Deploy.0 = Release|Any CPU
		{94B6CFA4-0A19-4572-A1A1-A87DA69B5F85}.Release|x86.ActiveCfg = Release|Any CPU
		{94B6CFA4-0A19-4572-A1A1-A87DA69B5F85}.Release|x86.Build.0 = Release|Any CPU
		{94B6CFA4-0A19-4572-A1A1-A87DA69B5F85}.Release|x86.Deploy.0 = Release|Any CPU
	EndGlobalSection
	GlobalSection(SolutionProperties) = preSolution
		HideSolutionNode = FALSE
	EndGlobalSection
	GlobalSection(ExtensibilityGlobals) = postSolution
		SolutionGuid = {54639982-24E9-4A49-8101-E1A97DB39EF7}
	EndGlobalSection
EndGlobal
